
Microsoft Visual Studio Solution File, Format Version 12.00
# Visual Studio Version 17
VisualStudioVersion = 17.0.31903.59
MinimumVisualStudioVersion = 10.0.40219.1
Project("{FAE04EC0-301F-11D3-BF4B-00C04F79EFBC}") = "vigo", "vigo\vigo.csproj", "{50B6BA5D-F335-43CE-AC61-E0FB23E6F0F2}"
EndProject
Project("{FAE04EC0-301F-11D3-BF4B-00C04F79EFBC}") = "vigobase", "vigobase\vigobase.csproj", "{7496E147-E690-4E34-926D-A2E1315923E0}"
EndProject
Project("{FAE04EC0-301F-11D3-BF4B-00C04F79EFBC}") = "vigobase-tests", "vigobase-tests\vigobase-tests.csproj", "{2DCAC2D7-DDB5-41E7-9C3B-0F843F52841A}"
EndProject
Project("{FAE04EC0-301F-11D3-BF4B-00C04F79EFBC}") = "vigoconfig", "vigoconfig\vigoconfig.csproj", "{0F0E6362-4685-4A7A-8513-919C73F76E4A}"
EndProject
Project("{FAE04EC0-301F-11D3-BF4B-00C04F79EFBC}") = "vigoconfig-tests", "vigoconfig-tests\vigoconfig-tests.csproj", "{11B20042-9E5F-4F0C-B97C-3889F5D7A5C0}"
EndProject
Project("{FAE04EC0-301F-11D3-BF4B-00C04F79EFBC}") = "vigoarchive", "vigoarchive\vigoarchive.csproj", "{8374E361-1077-4142-8005-3535A7C57905}"
EndProject
Project("{FAE04EC0-301F-11D3-BF4B-00C04F79EFBC}") = "vigoarchive-tests", "vigoarchive-tests\vigoarchive-tests.csproj", "{A318281E-C1B7-4AD1-B574-F870F99AE5C7}"
EndProject
Global
	GlobalSection(SolutionConfigurationPlatforms) = preSolution
		Debug|Any CPU = Debug|Any CPU
		Release|Any CPU = Release|Any CPU
	EndGlobalSection
	GlobalSection(SolutionProperties) = preSolution
		HideSolutionNode = FALSE
	EndGlobalSection
	GlobalSection(ProjectConfigurationPlatforms) = postSolution
		{50B6BA5D-F335-43CE-AC61-E0FB23E6F0F2}.Debug|Any CPU.ActiveCfg = Debug|Any CPU
		{50B6BA5D-F335-43CE-AC61-E0FB23E6F0F2}.Debug|Any CPU.Build.0 = Debug|Any CPU
		{50B6BA5D-F335-43CE-AC61-E0FB23E6F0F2}.Release|Any CPU.ActiveCfg = Release|Any CPU
		{50B6BA5D-F335-43CE-AC61-E0FB23E6F0F2}.Release|Any CPU.Build.0 = Release|Any CPU
		{7496E147-E690-4E34-926D-A2E1315923E0}.Debug|Any CPU.ActiveCfg = Debug|Any CPU
		{7496E147-E690-4E34-926D-A2E1315923E0}.Debug|Any CPU.Build.0 = Debug|Any CPU
		{7496E147-E690-4E34-926D-A2E1315923E0}.Release|Any CPU.ActiveCfg = Release|Any CPU
		{7496E147-E690-4E34-926D-A2E1315923E0}.Release|Any CPU.Build.0 = Release|Any CPU
		{2DCAC2D7-DDB5-41E7-9C3B-0F843F52841A}.Debug|Any CPU.ActiveCfg = Debug|Any CPU
		{2DCAC2D7-DDB5-41E7-9C3B-0F843F52841A}.Debug|Any CPU.Build.0 = Debug|Any CPU
		{2DCAC2D7-DDB5-41E7-9C3B-0F843F52841A}.Release|Any CPU.ActiveCfg = Release|Any CPU
		{2DCAC2D7-DDB5-41E7-9C3B-0F843F52841A}.Release|Any CPU.Build.0 = Release|Any CPU
		{0F0E6362-4685-4A7A-8513-919C73F76E4A}.Debug|Any CPU.ActiveCfg = Debug|Any CPU
		{0F0E6362-4685-4A7A-8513-919C73F76E4A}.Debug|Any CPU.Build.0 = Debug|Any CPU
		{0F0E6362-4685-4A7A-8513-919C73F76E4A}.Release|Any CPU.ActiveCfg = Release|Any CPU
		{0F0E6362-4685-4A7A-8513-919C73F76E4A}.Release|Any CPU.Build.0 = Release|Any CPU
		{11B20042-9E5F-4F0C-B97C-3889F5D7A5C0}.Debug|Any CPU.ActiveCfg = Debug|Any CPU
		{11B20042-9E5F-4F0C-B97C-3889F5D7A5C0}.Debug|Any CPU.Build.0 = Debug|Any CPU
		{11B20042-9E5F-4F0C-B97C-3889F5D7A5C0}.Release|Any CPU.ActiveCfg = Release|Any CPU
		{11B20042-9E5F-4F0C-B97C-3889F5D7A5C0}.Release|Any CPU.Build.0 = Release|Any CPU
		{8374E361-1077-4142-8005-3535A7C57905}.Debug|Any CPU.ActiveCfg = Debug|Any CPU
		{8374E361-1077-4142-8005-3535A7C57905}.Debug|Any CPU.Build.0 = Debug|Any CPU
		{8374E361-1077-4142-8005-3535A7C57905}.Release|Any CPU.ActiveCfg = Release|Any CPU
		{8374E361-1077-4142-8005-3535A7C57905}.Release|Any CPU.Build.0 = Release|Any CPU
		{A318281E-C1B7-4AD1-B574-F870F99AE5C7}.Debug|Any CPU.ActiveCfg = Debug|Any CPU
		{A318281E-C1B7-4AD1-B574-F870F99AE5C7}.Debug|Any CPU.Build.0 = Debug|Any CPU
		{A318281E-C1B7-4AD1-B574-F870F99AE5C7}.Release|Any CPU.ActiveCfg = Release|Any CPU
		{A318281E-C1B7-4AD1-B574-F870F99AE5C7}.Release|Any CPU.Build.0 = Release|Any CPU
	EndGlobalSection
EndGlobal
